
Microsoft Visual Studio Solution File, Format Version 12.00
# Visual Studio Version 16
VisualStudioVersion = 16.0.31424.327
MinimumVisualStudioVersion = 10.0.40219.1
Project("{FAE04EC0-301F-11D3-BF4B-00C04F79EFBC}") = "FinalWpf", "FinalWpf\FinalWpf.csproj", "{B365EE8B-6E40-482D-B25E-E75ED73C832E}"
EndProject
Global
	GlobalSection(SolutionConfigurationPlatforms) = preSolution
		Debug|Any CPU = Debug|Any CPU
		Release|Any CPU = Release|Any CPU
	EndGlobalSection
	GlobalSection(ProjectConfigurationPlatforms) = postSolution
		{B365EE8B-6E40-482D-B25E-E75ED73C832E}.Debug|Any CPU.ActiveCfg = Debug|Any CPU
		{B365EE8B-6E40-482D-B25E-E75ED73C832E}.Debug|Any CPU.Build.0 = Debug|Any CPU
		{B365EE8B-6E40-482D-B25E-E75ED73C832E}.Release|Any CPU.ActiveCfg = Release|Any CPU
		{B365EE8B-6E40-482D-B25E-E75ED73C832E}.Release|Any CPU.Build.0 = Release|Any CPU
	EndGlobalSection
	GlobalSection(SolutionProperties) = preSolution
		HideSolutionNode = FALSE
	EndGlobalSection
	GlobalSection(ExtensibilityGlobals) = postSolution
		SolutionGuid = {D6AFE69C-C69B-4B6F-A493-AC97AC0C8E2B}
	EndGlobalSection
EndGlobal
